%{
  "amqp": {:hex, :amqp, "3.1.1", "a96ee272d196dfd1bf4ffc15dc7dcf900004d928dbdc6f5fcb80e6b0da03927c", [:mix], [{:amqp_client, "~> 3.9.1", [hex: :amqp_client, repo: "hexpm", optional: false]}], "hexpm", "ee7ca576351b4629b6be0701db8c085e203e242c577c59f344be56ef5a262056"},
  "amqp_client": {:hex, :amqp_client, "3.9.21", "0eab28c1caa599e249ccec938bc2263f0c2f2e2731b89adac13b81d9fbeab495", [:make, :rebar3], [{:rabbit_common, "3.9.21", [hex: :rabbit_common, repo: "hexpm", optional: false]}], "hexpm", "545d6fde859187528b10a0e232e46a4f53f923c4677835858fb9f8a561469de9"},
  "connection": {:hex, :connection, "1.1.0", "ff2a49c4b75b6fb3e674bfc5536451607270aac754ffd1bdfe175abe4a6d7a68", [:mix], [], "hexpm", "722c1eb0a418fbe91ba7bd59a47e28008a189d47e37e0e7bb85585a016b2869c"},
  "credentials_obfuscation": {:hex, :credentials_obfuscation, "3.1.0", "2c405ea0c5db7b3344aa5a99f86c33e7b6ecea97d2cb613371e1cf0d192ef2c6", [:rebar3], [], "hexpm", "04884e62b1c6cdfba999d4d6b3e99bc0a59d5e439517bc5c01767255afb7b778"},
  "espec": {:hex, :espec, "1.8.3", "b55e6e34fd8e64fe5e478fbb0ef94b10f976bb2088a7dfc4a1095f0cef55f113", [:mix], [{:meck, "~> 0.9", [hex: :meck, repo: "hexpm", optional: false]}], "hexpm", "c10e73e4ea0316e30c2066ba0292a810e017cb1a34fd76a7f803083c478d4288"},
  "jsx": {:hex, :jsx, "3.1.0", "d12516baa0bb23a59bb35dccaf02a1bd08243fcbb9efe24f2d9d056ccff71268", [:rebar3], [], "hexpm", "0c5cc8fdc11b53cc25cf65ac6705ad39e54ecc56d1c22e4adb8f5a53fb9427f3"},
  "lapin": {:hex, :lapin, "1.0.4", "a6bc12534c9b70a7a3697baed62041dda0a07a7d38c66dd91965c7b8326936fa", [:mix], [{:amqp, "~> 1.0 or ~> 2.0 or ~> 3.0", [hex: :amqp, repo: "hexpm", optional: false]}, {:connection, "~> 1.0", [hex: :connection, repo: "hexpm", optional: false]}], "hexpm", "dbb1e0c4a887b7c6249d5fd91813f8397ee92bdf6d2ba857ca733da9c2c4c469"},
  "meck": {:hex, :meck, "0.9.2", "85ccbab053f1db86c7ca240e9fc718170ee5bda03810a6292b5306bf31bae5f5", [:rebar3], [], "hexpm", "81344f561357dc40a8344afa53767c32669153355b626ea9fcbc8da6b3045826"},
  "rabbit_common": {:hex, :rabbit_common, "3.9.21", "7a659d62dd61ce320d7c6d6ec5c38a9dbb4db95bf699d8a5d468d803dc3ec670", [:make, :rebar3], [{:credentials_obfuscation, "3.1.0", [hex: :credentials_obfuscation, repo: "hexpm", optional: false]}, {:jsx, "3.1.0", [hex: :jsx, repo: "hexpm", optional: false]}, {:recon, "2.5.2", [hex: :recon, repo: "hexpm", optional: false]}], "hexpm", "703bf66e22f16dbeb0fb87254b3273ca09b0f94cfeb66dc7c9d068f51e8824c8"},
  "recon": {:hex, :recon, "2.5.2", "cba53fa8db83ad968c9a652e09c3ed7ddcc4da434f27c3eaa9ca47ffb2b1ff03", [:mix, :rebar3], [], "hexpm", "2c7523c8dee91dff41f6b3d63cba2bd49eb6d2fe5bf1eec0df7f87eb5e230e1c"},
}
